// !$*UTF8*$!
{
	archiveVersion = 1;
	classes = {
	};
	objectVersion = 55;
	objects = {

/* Begin PBXBuildFile section */
		9043FAE7276C970200D157D2 /* AppDelegate.swift in Sources */ = {isa = PBXBuildFile; fileRef = 9043FAE6276C970200D157D2 /* AppDelegate.swift */; };
		9043FAE9276C970200D157D2 /* SceneDelegate.swift in Sources */ = {isa = PBXBuildFile; fileRef = 9043FAE8276C970200D157D2 /* SceneDelegate.swift */; };
		9043FAEB276C970200D157D2 /* ViewController.swift in Sources */ = {isa = PBXBuildFile; fileRef = 9043FAEA276C970200D157D2 /* ViewController.swift */; };
		9043FAEE276C970200D157D2 /* Main.storyboard in Resources */ = {isa = PBXBuildFile; fileRef = 9043FAEC276C970200D157D2 /* Main.storyboard */; };
		9043FAF0276C970800D157D2 /* Assets.xcassets in Resources */ = {isa = PBXBuildFile; fileRef = 9043FAEF276C970800D157D2 /* Assets.xcassets */; };
		9043FAF3276C970800D157D2 /* LaunchScreen.storyboard in Resources */ = {isa = PBXBuildFile; fileRef = 9043FAF1276C970800D157D2 /* LaunchScreen.storyboard */; };
		9043FAFE276C970800D157D2 /* AppCenterConnectionTests.swift in Sources */ = {isa = PBXBuildFile; fileRef = 9043FAFD276C970800D157D2 /* AppCenterConnectionTests.swift */; };
		9043FB08276C970800D157D2 /* AppCenterConnectionUITests.swift in Sources */ = {isa = PBXBuildFile; fileRef = 9043FB07276C970800D157D2 /* AppCenterConnectionUITests.swift */; };
		9043FB0A276C970800D157D2 /* AppCenterConnectionUITestsLaunchTests.swift in Sources */ = {isa = PBXBuildFile; fileRef = 9043FB09276C970800D157D2 /* AppCenterConnectionUITestsLaunchTests.swift */; };
/* End PBXBuildFile section */

/* Begin PBXContainerItemProxy section */
		9043FAFA276C970800D157D2 /* PBXContainerItemProxy */ = {
			isa = PBXContainerItemProxy;
			containerPortal = 9043FADB276C970200D157D2 /* Project object */;
			proxyType = 1;
			remoteGlobalIDString = 9043FAE2276C970200D157D2;
			remoteInfo = AppCenterConnection;
		};
		9043FB04276C970800D157D2 /* PBXContainerItemProxy */ = {
			isa = PBXContainerItemProxy;
			containerPortal = 9043FADB276C970200D157D2 /* Project object */;
			proxyType = 1;
			remoteGlobalIDString = 9043FAE2276C970200D157D2;
			remoteInfo = AppCenterConnection;
		};
/* End PBXContainerItemProxy section */

/* Begin PBXFileReference section */
		9043FAE3276C970200D157D2 /* AppCenterConnection.app */ = {isa = PBXFileReference; explicitFileType = wrapper.application; includeInIndex = 0; path = AppCenterConnection.app; sourceTree = BUILT_PRODUCTS_DIR; };
		9043FAE6276C970200D157D2 /* AppDelegate.swift */ = {isa = PBXFileReference; lastKnownFileType = sourcecode.swift; path = AppDelegate.swift; sourceTree = "<group>"; };
		9043FAE8276C970200D157D2 /* SceneDelegate.swift */ = {isa = PBXFileReference; lastKnownFileType = sourcecode.swift; path = SceneDelegate.swift; sourceTree = "<group>"; };
		9043FAEA276C970200D157D2 /* ViewController.swift */ = {isa = PBXFileReference; lastKnownFileType = sourcecode.swift; path = ViewController.swift; sourceTree = "<group>"; };
		9043FAED276C970200D157D2 /* Base */ = {isa = PBXFileReference; lastKnownFileType = file.storyboard; name = Base; path = Base.lproj/Main.storyboard; sourceTree = "<group>"; };
		9043FAEF276C970800D157D2 /* Assets.xcassets */ = {isa = PBXFileReference; lastKnownFileType = folder.assetcatalog; path = Assets.xcassets; sourceTree = "<group>"; };
		9043FAF2276C970800D157D2 /* Base */ = {isa = PBXFileReference; lastKnownFileType = file.storyboard; name = Base; path = Base.lproj/LaunchScreen.storyboard; sourceTree = "<group>"; };
		9043FAF4276C970800D157D2 /* Info.plist */ = {isa = PBXFileReference; lastKnownFileType = text.plist.xml; path = Info.plist; sourceTree = "<group>"; };
		9043FAF9276C970800D157D2 /* AppCenterConnectionTests.xctest */ = {isa = PBXFileReference; explicitFileType = wrapper.cfbundle; includeInIndex = 0; path = AppCenterConnectionTests.xctest; sourceTree = BUILT_PRODUCTS_DIR; };
		9043FAFD276C970800D157D2 /* AppCenterConnectionTests.swift */ = {isa = PBXFileReference; lastKnownFileType = sourcecode.swift; path = AppCenterConnectionTests.swift; sourceTree = "<group>"; };
		9043FB03276C970800D157D2 /* AppCenterConnectionUITests.xctest */ = {isa = PBXFileReference; explicitFileType = wrapper.cfbundle; includeInIndex = 0; path = AppCenterConnectionUITests.xctest; sourceTree = BUILT_PRODUCTS_DIR; };
		9043FB07276C970800D157D2 /* AppCenterConnectionUITests.swift */ = {isa = PBXFileReference; lastKnownFileType = sourcecode.swift; path = AppCenterConnectionUITests.swift; sourceTree = "<group>"; };
		9043FB09276C970800D157D2 /* AppCenterConnectionUITestsLaunchTests.swift */ = {isa = PBXFileReference; lastKnownFileType = sourcecode.swift; path = AppCenterConnectionUITestsLaunchTests.swift; sourceTree = "<group>"; };
/* End PBXFileReference section */

/* Begin PBXFrameworksBuildPhase section */
		9043FAE0276C970200D157D2 /* Frameworks */ = {
			isa = PBXFrameworksBuildPhase;
			buildActionMask = 2147483647;
			files = (
			);
			runOnlyForDeploymentPostprocessing = 0;
		};
		9043FAF6276C970800D157D2 /* Frameworks */ = {
			isa = PBXFrameworksBuildPhase;
			buildActionMask = 2147483647;
			files = (
			);
			runOnlyForDeploymentPostprocessing = 0;
		};
		9043FB00276C970800D157D2 /* Frameworks */ = {
			isa = PBXFrameworksBuildPhase;
			buildActionMask = 2147483647;
			files = (
			);
			runOnlyForDeploymentPostprocessing = 0;
		};
/* End PBXFrameworksBuildPhase section */

/* Begin PBXGroup section */
		9043FADA276C970200D157D2 = {
			isa = PBXGroup;
			children = (
				9043FAE5276C970200D157D2 /* AppCenterConnection */,
				9043FAFC276C970800D157D2 /* AppCenterConnectionTests */,
				9043FB06276C970800D157D2 /* AppCenterConnectionUITests */,
				9043FAE4276C970200D157D2 /* Products */,
			);
			sourceTree = "<group>";
		};
		9043FAE4276C970200D157D2 /* Products */ = {
			isa = PBXGroup;
			children = (
				9043FAE3276C970200D157D2 /* AppCenterConnection.app */,
				9043FAF9276C970800D157D2 /* AppCenterConnectionTests.xctest */,
				9043FB03276C970800D157D2 /* AppCenterConnectionUITests.xctest */,
			);
			name = Products;
			sourceTree = "<group>";
		};
		9043FAE5276C970200D157D2 /* AppCenterConnection */ = {
			isa = PBXGroup;
			children = (
				9043FAE6276C970200D157D2 /* AppDelegate.swift */,
				9043FAE8276C970200D157D2 /* SceneDelegate.swift */,
				9043FAEA276C970200D157D2 /* ViewController.swift */,
				9043FAEC276C970200D157D2 /* Main.storyboard */,
				9043FAEF276C970800D157D2 /* Assets.xcassets */,
				9043FAF1276C970800D157D2 /* LaunchScreen.storyboard */,
				9043FAF4276C970800D157D2 /* Info.plist */,
			);
			path = AppCenterConnection;
			sourceTree = "<group>";
		};
		9043FAFC276C970800D157D2 /* AppCenterConnectionTests */ = {
			isa = PBXGroup;
			children = (
				9043FAFD276C970800D157D2 /* AppCenterConnectionTests.swift */,
			);
			path = AppCenterConnectionTests;
			sourceTree = "<group>";
		};
		9043FB06276C970800D157D2 /* AppCenterConnectionUITests */ = {
			isa = PBXGroup;
			children = (
				9043FB07276C970800D157D2 /* AppCenterConnectionUITests.swift */,
				9043FB09276C970800D157D2 /* AppCenterConnectionUITestsLaunchTests.swift */,
			);
			path = AppCenterConnectionUITests;
			sourceTree = "<group>";
		};
/* End PBXGroup section */

/* Begin PBXNativeTarget section */
		9043FAE2276C970200D157D2 /* AppCenterConnection */ = {
			isa = PBXNativeTarget;
			buildConfigurationList = 9043FB0D276C970800D157D2 /* Build configuration list for PBXNativeTarget "AppCenterConnection" */;
			buildPhases = (
				9043FADF276C970200D157D2 /* Sources */,
				9043FAE0276C970200D157D2 /* Frameworks */,
				9043FAE1276C970200D157D2 /* Resources */,
			);
			buildRules = (
			);
			dependencies = (
			);
			name = AppCenterConnection;
			productName = AppCenterConnection;
			productReference = 9043FAE3276C970200D157D2 /* AppCenterConnection.app */;
			productType = "com.apple.product-type.application";
		};
		9043FAF8276C970800D157D2 /* AppCenterConnectionTests */ = {
			isa = PBXNativeTarget;
			buildConfigurationList = 9043FB10276C970800D157D2 /* Build configuration list for PBXNativeTarget "AppCenterConnectionTests" */;
			buildPhases = (
				9043FAF5276C970800D157D2 /* Sources */,
				9043FAF6276C970800D157D2 /* Frameworks */,
				9043FAF7276C970800D157D2 /* Resources */,
			);
			buildRules = (
			);
			dependencies = (
				9043FAFB276C970800D157D2 /* PBXTargetDependency */,
			);
			name = AppCenterConnectionTests;
			productName = AppCenterConnectionTests;
			productReference = 9043FAF9276C970800D157D2 /* AppCenterConnectionTests.xctest */;
			productType = "com.apple.product-type.bundle.unit-test";
		};
		9043FB02276C970800D157D2 /* AppCenterConnectionUITests */ = {
			isa = PBXNativeTarget;
			buildConfigurationList = 9043FB13276C970800D157D2 /* Build configuration list for PBXNativeTarget "AppCenterConnectionUITests" */;
			buildPhases = (
				9043FAFF276C970800D157D2 /* Sources */,
				9043FB00276C970800D157D2 /* Frameworks */,
				9043FB01276C970800D157D2 /* Resources */,
			);
			buildRules = (
			);
			dependencies = (
				9043FB05276C970800D157D2 /* PBXTargetDependency */,
			);
			name = AppCenterConnectionUITests;
			productName = AppCenterConnectionUITests;
			productReference = 9043FB03276C970800D157D2 /* AppCenterConnectionUITests.xctest */;
			productType = "com.apple.product-type.bundle.ui-testing";
		};
/* End PBXNativeTarget section */

/* Begin PBXProject section */
		9043FADB276C970200D157D2 /* Project object */ = {
			isa = PBXProject;
			attributes = {
				BuildIndependentTargetsInParallel = 1;
				LastSwiftUpdateCheck = 1310;
				LastUpgradeCheck = 1310;
				TargetAttributes = {
					9043FAE2276C970200D157D2 = {
						CreatedOnToolsVersion = 13.1;
					};
					9043FAF8276C970800D157D2 = {
						CreatedOnToolsVersion = 13.1;
						TestTargetID = 9043FAE2276C970200D157D2;
					};
					9043FB02276C970800D157D2 = {
						CreatedOnToolsVersion = 13.1;
						TestTargetID = 9043FAE2276C970200D157D2;
					};
				};
			};
			buildConfigurationList = 9043FADE276C970200D157D2 /* Build configuration list for PBXProject "AppCenterConnection" */;
			compatibilityVersion = "Xcode 13.0";
			developmentRegion = en;
			hasScannedForEncodings = 0;
			knownRegions = (
				en,
				Base,
			);
			mainGroup = 9043FADA276C970200D157D2;
			productRefGroup = 9043FAE4276C970200D157D2 /* Products */;
			projectDirPath = "";
			projectRoot = "";
			targets = (
				9043FAE2276C970200D157D2 /* AppCenterConnection */,
				9043FAF8276C970800D157D2 /* AppCenterConnectionTests */,
				9043FB02276C970800D157D2 /* AppCenterConnectionUITests */,
			);
		};
/* End PBXProject section */

/* Begin PBXResourcesBuildPhase section */
		9043FAE1276C970200D157D2 /* Resources */ = {
			isa = PBXResourcesBuildPhase;
			buildActionMask = 2147483647;
			files = (
				9043FAF3276C970800D157D2 /* LaunchScreen.storyboard in Resources */,
				9043FAF0276C970800D157D2 /* Assets.xcassets in Resources */,
				9043FAEE276C970200D157D2 /* Main.storyboard in Resources */,
			);
			runOnlyForDeploymentPostprocessing = 0;
		};
		9043FAF7276C970800D157D2 /* Resources */ = {
			isa = PBXResourcesBuildPhase;
			buildActionMask = 2147483647;
			files = (
			);
			runOnlyForDeploymentPostprocessing = 0;
		};
		9043FB01276C970800D157D2 /* Resources */ = {
			isa = PBXResourcesBuildPhase;
			buildActionMask = 2147483647;
			files = (
			);
			runOnlyForDeploymentPostprocessing = 0;
		};
/* End PBXResourcesBuildPhase section */

/* Begin PBXSourcesBuildPhase section */
		9043FADF276C970200D157D2 /* Sources */ = {
			isa = PBXSourcesBuildPhase;
			buildActionMask = 2147483647;
			files = (
				9043FAEB276C970200D157D2 /* ViewController.swift in Sources */,
				9043FAE7276C970200D157D2 /* AppDelegate.swift in Sources */,
				9043FAE9276C970200D157D2 /* SceneDelegate.swift in Sources */,
			);
			runOnlyForDeploymentPostprocessing = 0;
		};
		9043FAF5276C970800D157D2 /* Sources */ = {
			isa = PBXSourcesBuildPhase;
			buildActionMask = 2147483647;
			files = (
				9043FAFE276C970800D157D2 /* AppCenterConnectionTests.swift in Sources */,
			);
			runOnlyForDeploymentPostprocessing = 0;
		};
		9043FAFF276C970800D157D2 /* Sources */ = {
			isa = PBXSourcesBuildPhase;
			buildActionMask = 2147483647;
			files = (
				9043FB08276C970800D157D2 /* AppCenterConnectionUITests.swift in Sources */,
				9043FB0A276C970800D157D2 /* AppCenterConnectionUITestsLaunchTests.swift in Sources */,
			);
			runOnlyForDeploymentPostprocessing = 0;
		};
/* End PBXSourcesBuildPhase section */

/* Begin PBXTargetDependency section */
		9043FAFB276C970800D157D2 /* PBXTargetDependency */ = {
			isa = PBXTargetDependency;
			target = 9043FAE2276C970200D157D2 /* AppCenterConnection */;
			targetProxy = 9043FAFA276C970800D157D2 /* PBXContainerItemProxy */;
		};
		9043FB05276C970800D157D2 /* PBXTargetDependency */ = {
			isa = PBXTargetDependency;
			target = 9043FAE2276C970200D157D2 /* AppCenterConnection */;
			targetProxy = 9043FB04276C970800D157D2 /* PBXContainerItemProxy */;
		};
/* End PBXTargetDependency section */

/* Begin PBXVariantGroup section */
		9043FAEC276C970200D157D2 /* Main.storyboard */ = {
			isa = PBXVariantGroup;
			children = (
				9043FAED276C970200D157D2 /* Base */,
			);
			name = Main.storyboard;
			sourceTree = "<group>";
		};
		9043FAF1276C970800D157D2 /* LaunchScreen.storyboard */ = {
			isa = PBXVariantGroup;
			children = (
				9043FAF2276C970800D157D2 /* Base */,
			);
			name = LaunchScreen.storyboard;
			sourceTree = "<group>";
		};
/* End PBXVariantGroup section */

/* Begin XCBuildConfiguration section */
		9043FB0B276C970800D157D2 /* Debug */ = {
			isa = XCBuildConfiguration;
			buildSettings = {
				ALWAYS_SEARCH_USER_PATHS = NO;
				CLANG_ANALYZER_NONNULL = YES;
				CLANG_ANALYZER_NUMBER_OBJECT_CONVERSION = YES_AGGRESSIVE;
				CLANG_CXX_LANGUAGE_STANDARD = "gnu++17";
				CLANG_CXX_LIBRARY = "libc++";
				CLANG_ENABLE_MODULES = YES;
				CLANG_ENABLE_OBJC_ARC = YES;
				CLANG_ENABLE_OBJC_WEAK = YES;
				CLANG_WARN_BLOCK_CAPTURE_AUTORELEASING = YES;
				CLANG_WARN_BOOL_CONVERSION = YES;
				CLANG_WARN_COMMA = YES;
				CLANG_WARN_CONSTANT_CONVERSION = YES;
				CLANG_WARN_DEPRECATED_OBJC_IMPLEMENTATIONS = YES;
				CLANG_WARN_DIRECT_OBJC_ISA_USAGE = YES_ERROR;
				CLANG_WARN_DOCUMENTATION_COMMENTS = YES;
				CLANG_WARN_EMPTY_BODY = YES;
				CLANG_WARN_ENUM_CONVERSION = YES;
				CLANG_WARN_INFINITE_RECURSION = YES;
				CLANG_WARN_INT_CONVERSION = YES;
				CLANG_WARN_NON_LITERAL_NULL_CONVERSION = YES;
				CLANG_WARN_OBJC_IMPLICIT_RETAIN_SELF = YES;
				CLANG_WARN_OBJC_LITERAL_CONVERSION = YES;
				CLANG_WARN_OBJC_ROOT_CLASS = YES_ERROR;
				CLANG_WARN_QUOTED_INCLUDE_IN_FRAMEWORK_HEADER = YES;
				CLANG_WARN_RANGE_LOOP_ANALYSIS = YES;
				CLANG_WARN_STRICT_PROTOTYPES = YES;
				CLANG_WARN_SUSPICIOUS_MOVE = YES;
				CLANG_WARN_UNGUARDED_AVAILABILITY = YES_AGGRESSIVE;
				CLANG_WARN_UNREACHABLE_CODE = YES;
				CLANG_WARN__DUPLICATE_METHOD_MATCH = YES;
				COPY_PHASE_STRIP = NO;
				DEBUG_INFORMATION_FORMAT = dwarf;
				ENABLE_STRICT_OBJC_MSGSEND = YES;
				ENABLE_TESTABILITY = YES;
				GCC_C_LANGUAGE_STANDARD = gnu11;
				GCC_DYNAMIC_NO_PIC = NO;
				GCC_NO_COMMON_BLOCKS = YES;
				GCC_OPTIMIZATION_LEVEL = 0;
				GCC_PREPROCESSOR_DEFINITIONS = (
					"DEBUG=1",
					"$(inherited)",
				);
				GCC_WARN_64_TO_32_BIT_CONVERSION = YES;
				GCC_WARN_ABOUT_RETURN_TYPE = YES_ERROR;
				GCC_WARN_UNDECLARED_SELECTOR = YES;
				GCC_WARN_UNINITIALIZED_AUTOS = YES_AGGRESSIVE;
				GCC_WARN_UNUSED_FUNCTION = YES;
				GCC_WARN_UNUSED_VARIABLE = YES;
				IPHONEOS_DEPLOYMENT_TARGET = 15.0;
				MTL_ENABLE_DEBUG_INFO = INCLUDE_SOURCE;
				MTL_FAST_MATH = YES;
				ONLY_ACTIVE_ARCH = YES;
				SDKROOT = iphoneos;
				SWIFT_ACTIVE_COMPILATION_CONDITIONS = DEBUG;
				SWIFT_OPTIMIZATION_LEVEL = "-Onone";
			};
			name = Debug;
		};
		9043FB0C276C970800D157D2 /* Release */ = {
			isa = XCBuildConfiguration;
			buildSettings = {
				ALWAYS_SEARCH_USER_PATHS = NO;
				CLANG_ANALYZER_NONNULL = YES;
				CLANG_ANALYZER_NUMBER_OBJECT_CONVERSION = YES_AGGRESSIVE;
				CLANG_CXX_LANGUAGE_STANDARD = "gnu++17";
				CLANG_CXX_LIBRARY = "libc++";
				CLANG_ENABLE_MODULES = YES;
				CLANG_ENABLE_OBJC_ARC = YES;
				CLANG_ENABLE_OBJC_WEAK = YES;
				CLANG_WARN_BLOCK_CAPTURE_AUTORELEASING = YES;
				CLANG_WARN_BOOL_CONVERSION = YES;
				CLANG_WARN_COMMA = YES;
				CLANG_WARN_CONSTANT_CONVERSION = YES;
				CLANG_WARN_DEPRECATED_OBJC_IMPLEMENTATIONS = YES;
				CLANG_WARN_DIRECT_OBJC_ISA_USAGE = YES_ERROR;
				CLANG_WARN_DOCUMENTATION_COMMENTS = YES;
				CLANG_WARN_EMPTY_BODY = YES;
				CLANG_WARN_ENUM_CONVERSION = YES;
				CLANG_WARN_INFINITE_RECURSION = YES;
				CLANG_WARN_INT_CONVERSION = YES;
				CLANG_WARN_NON_LITERAL_NULL_CONVERSION = YES;
				CLANG_WARN_OBJC_IMPLICIT_RETAIN_SELF = YES;
				CLANG_WARN_OBJC_LITERAL_CONVERSION = YES;
				CLANG_WARN_OBJC_ROOT_CLASS = YES_ERROR;
				CLANG_WARN_QUOTED_INCLUDE_IN_FRAMEWORK_HEADER = YES;
				CLANG_WARN_RANGE_LOOP_ANALYSIS = YES;
				CLANG_WARN_STRICT_PROTOTYPES = YES;
				CLANG_WARN_SUSPICIOUS_MOVE = YES;
				CLANG_WARN_UNGUARDED_AVAILABILITY = YES_AGGRESSIVE;
				CLANG_WARN_UNREACHABLE_CODE = YES;
				CLANG_WARN__DUPLICATE_METHOD_MATCH = YES;
				COPY_PHASE_STRIP = NO;
				DEBUG_INFORMATION_FORMAT = "dwarf-with-dsym";
				ENABLE_NS_ASSERTIONS = NO;
				ENABLE_STRICT_OBJC_MSGSEND = YES;
				GCC_C_LANGUAGE_STANDARD = gnu11;
				GCC_NO_COMMON_BLOCKS = YES;
				GCC_WARN_64_TO_32_BIT_CONVERSION = YES;
				GCC_WARN_ABOUT_RETURN_TYPE = YES_ERROR;
				GCC_WARN_UNDECLARED_SELECTOR = YES;
				GCC_WARN_UNINITIALIZED_AUTOS = YES_AGGRESSIVE;
				GCC_WARN_UNUSED_FUNCTION = YES;
				GCC_WARN_UNUSED_VARIABLE = YES;
				IPHONEOS_DEPLOYMENT_TARGET = 15.0;
				MTL_ENABLE_DEBUG_INFO = NO;
				MTL_FAST_MATH = YES;
				SDKROOT = iphoneos;
				SWIFT_COMPILATION_MODE = wholemodule;
				SWIFT_OPTIMIZATION_LEVEL = "-O";
				VALIDATE_PRODUCT = YES;
			};
			name = Release;
		};
		9043FB0E276C970800D157D2 /* Debug */ = {
			isa = XCBuildConfiguration;
			buildSettings = {
				ASSETCATALOG_COMPILER_APPICON_NAME = AppIcon;
				ASSETCATALOG_COMPILER_GLOBAL_ACCENT_COLOR_NAME = AccentColor;
				CODE_SIGN_STYLE = Automatic;
				CURRENT_PROJECT_VERSION = 1;
				DEVELOPMENT_TEAM = K83B3Z7BXW;
				GENERATE_INFOPLIST_FILE = YES;
				INFOPLIST_FILE = AppCenterConnection/Info.plist;
				INFOPLIST_KEY_UIApplicationSupportsIndirectInputEvents = YES;
				INFOPLIST_KEY_UILaunchStoryboardName = LaunchScreen;
				INFOPLIST_KEY_UIMainStoryboardFile = Main;
				INFOPLIST_KEY_UISupportedInterfaceOrientations_iPad = "UIInterfaceOrientationPortrait UIInterfaceOrientationPortraitUpsideDown UIInterfaceOrientationLandscapeLeft UIInterfaceOrientationLandscapeRight";
				INFOPLIST_KEY_UISupportedInterfaceOrientations_iPhone = "UIInterfaceOrientationPortrait UIInterfaceOrientationLandscapeLeft UIInterfaceOrientationLandscapeRight";
				LD_RUNPATH_SEARCH_PATHS = (
					"$(inherited)",
					"@executable_path/Frameworks",
				);
				MARKETING_VERSION = 1.0;
				PRODUCT_BUNDLE_IDENTIFIER = lokesh.org.AppCenterConnection;
				PRODUCT_NAME = "$(TARGET_NAME)";
				SWIFT_EMIT_LOC_STRINGS = YES;
				SWIFT_VERSION = 5.0;
				TARGETED_DEVICE_FAMILY = "1,2";
			};
			name = Debug;
		};
		9043FB0F276C970800D157D2 /* Release */ = {
			isa = XCBuildConfiguration;
			buildSettings = {
				ASSETCATALOG_COMPILER_APPICON_NAME = AppIcon;
				ASSETCATALOG_COMPILER_GLOBAL_ACCENT_COLOR_NAME = AccentColor;
				CODE_SIGN_STYLE = Automatic;
				CURRENT_PROJECT_VERSION = 1;
				DEVELOPMENT_TEAM = K83B3Z7BXW;
				GENERATE_INFOPLIST_FILE = YES;
				INFOPLIST_FILE = AppCenterConnection/Info.plist;
				INFOPLIST_KEY_UIApplicationSupportsIndirectInputEvents = YES;
				INFOPLIST_KEY_UILaunchStoryboardName = LaunchScreen;
				INFOPLIST_KEY_UIMainStoryboardFile = Main;
				INFOPLIST_KEY_UISupportedInterfaceOrientations_iPad = "UIInterfaceOrientationPortrait UIInterfaceOrientationPortraitUpsideDown UIInterfaceOrientationLandscapeLeft UIInterfaceOrientationLandscapeRight";
				INFOPLIST_KEY_UISupportedInterfaceOrientations_iPhone = "UIInterfaceOrientationPortrait UIInterfaceOrientationLandscapeLeft UIInterfaceOrientationLandscapeRight";
				LD_RUNPATH_SEARCH_PATHS = (
					"$(inherited)",
					"@executable_path/Frameworks",
				);
				MARKETING_VERSION = 1.0;
				PRODUCT_BUNDLE_IDENTIFIER = lokesh.org.AppCenterConnection;
				PRODUCT_NAME = "$(TARGET_NAME)";
				SWIFT_EMIT_LOC_STRINGS = YES;
				SWIFT_VERSION = 5.0;
				TARGETED_DEVICE_FAMILY = "1,2";
			};
			name = Release;
		};
		9043FB11276C970800D157D2 /* Debug */ = {
			isa = XCBuildConfiguration;
			buildSettings = {
				ALWAYS_EMBED_SWIFT_STANDARD_LIBRARIES = YES;
				BUNDLE_LOADER = "$(TEST_HOST)";
				CODE_SIGN_STYLE = Automatic;
				CURRENT_PROJECT_VERSION = 1;
				DEVELOPMENT_TEAM = K83B3Z7BXW;
				GENERATE_INFOPLIST_FILE = YES;
				IPHONEOS_DEPLOYMENT_TARGET = 15.0;
				LD_RUNPATH_SEARCH_PATHS = (
					"$(inherited)",
					"@executable_path/Frameworks",
					"@loader_path/Frameworks",
				);
				MARKETING_VERSION = 1.0;
				PRODUCT_BUNDLE_IDENTIFIER = lokesh.org.AppCenterConnectionTests;
				PRODUCT_NAME = "$(TARGET_NAME)";
				SWIFT_EMIT_LOC_STRINGS = NO;
				SWIFT_VERSION = 5.0;
				TARGETED_DEVICE_FAMILY = "1,2";
				TEST_HOST = "$(BUILT_PRODUCTS_DIR)/AppCenterConnection.app/AppCenterConnection";
			};
			name = Debug;
		};
		9043FB12276C970800D157D2 /* Release */ = {
			isa = XCBuildConfiguration;
			buildSettings = {
				ALWAYS_EMBED_SWIFT_STANDARD_LIBRARIES = YES;
				BUNDLE_LOADER = "$(TEST_HOST)";
				CODE_SIGN_STYLE = Automatic;
				CURRENT_PROJECT_VERSION = 1;
				DEVELOPMENT_TEAM = K83B3Z7BXW;
				GENERATE_INFOPLIST_FILE = YES;
				IPHONEOS_DEPLOYMENT_TARGET = 15.0;
				LD_RUNPATH_SEARCH_PATHS = (
					"$(inherited)",
					"@executable_path/Frameworks",
					"@loader_path/Frameworks",
				);
				MARKETING_VERSION = 1.0;
				PRODUCT_BUNDLE_IDENTIFIER = lokesh.org.AppCenterConnectionTests;
				PRODUCT_NAME = "$(TARGET_NAME)";
				SWIFT_EMIT_LOC_STRINGS = NO;
				SWIFT_VERSION = 5.0;
				TARGETED_DEVICE_FAMILY = "1,2";
				TEST_HOST = "$(BUILT_PRODUCTS_DIR)/AppCenterConnection.app/AppCenterConnection";
			};
			name = Release;
		};
		9043FB14276C970800D157D2 /* Debug */ = {
			isa = XCBuildConfiguration;
			buildSettings = {
				ALWAYS_EMBED_SWIFT_STANDARD_LIBRARIES = YES;
				CODE_SIGN_STYLE = Automatic;
				CURRENT_PROJECT_VERSION = 1;
				DEVELOPMENT_TEAM = K83B3Z7BXW;
				GENERATE_INFOPLIST_FILE = YES;
				LD_RUNPATH_SEARCH_PATHS = (
					"$(inherited)",
					"@executable_path/Frameworks",
					"@loader_path/Frameworks",
				);
				MARKETING_VERSION = 1.0;
				PRODUCT_BUNDLE_IDENTIFIER = lokesh.org.AppCenterConnectionUITests;
				PRODUCT_NAME = "$(TARGET_NAME)";
				SWIFT_EMIT_LOC_STRINGS = NO;
				SWIFT_VERSION = 5.0;
				TARGETED_DEVICE_FAMILY = "1,2";
				TEST_TARGET_NAME = AppCenterConnection;
			};
			name = Debug;
		};
		9043FB15276C970800D157D2 /* Release */ = {
			isa = XCBuildConfiguration;
			buildSettings = {
				ALWAYS_EMBED_SWIFT_STANDARD_LIBRARIES = YES;
				CODE_SIGN_STYLE = Automatic;
				CURRENT_PROJECT_VERSION = 1;
				DEVELOPMENT_TEAM = K83B3Z7BXW;
				GENERATE_INFOPLIST_FILE = YES;
				LD_RUNPATH_SEARCH_PATHS = (
					"$(inherited)",
					"@executable_path/Frameworks",
					"@loader_path/Frameworks",
				);
				MARKETING_VERSION = 1.0;
				PRODUCT_BUNDLE_IDENTIFIER = lokesh.org.AppCenterConnectionUITests;
				PRODUCT_NAME = "$(TARGET_NAME)";
				SWIFT_EMIT_LOC_STRINGS = NO;
				SWIFT_VERSION = 5.0;
				TARGETED_DEVICE_FAMILY = "1,2";
				TEST_TARGET_NAME = AppCenterConnection;
			};
			name = Release;
		};
/* End XCBuildConfiguration section */

/* Begin XCConfigurationList section */
		9043FADE276C970200D157D2 /* Build configuration list for PBXProject "AppCenterConnection" */ = {
			isa = XCConfigurationList;
			buildConfigurations = (
				9043FB0B276C970800D157D2 /* Debug */,
				9043FB0C276C970800D157D2 /* Release */,
			);
			defaultConfigurationIsVisible = 0;
			defaultConfigurationName = Release;
		};
		9043FB0D276C970800D157D2 /* Build configuration list for PBXNativeTarget "AppCenterConnection" */ = {
			isa = XCConfigurationList;
			buildConfigurations = (
				9043FB0E276C970800D157D2 /* Debug */,
				9043FB0F276C970800D157D2 /* Release */,
			);
			defaultConfigurationIsVisible = 0;
			defaultConfigurationName = Release;
		};
		9043FB10276C970800D157D2 /* Build configuration list for PBXNativeTarget "AppCenterConnectionTests" */ = {
			isa = XCConfigurationList;
			buildConfigurations = (
				9043FB11276C970800D157D2 /* Debug */,
				9043FB12276C970800D157D2 /* Release */,
			);
			defaultConfigurationIsVisible = 0;
			defaultConfigurationName = Release;
		};
		9043FB13276C970800D157D2 /* Build configuration list for PBXNativeTarget "AppCenterConnectionUITests" */ = {
			isa = XCConfigurationList;
			buildConfigurations = (
				9043FB14276C970800D157D2 /* Debug */,
				9043FB15276C970800D157D2 /* Release */,
			);
			defaultConfigurationIsVisible = 0;
			defaultConfigurationName = Release;
		};
/* End XCConfigurationList section */
	};
	rootObject = 9043FADB276C970200D157D2 /* Project object */;
}
